
Microsoft Visual Studio Solution File, Format Version 12.00
# Visual Studio Version 17
VisualStudioVersion = 17.11.35327.3
MinimumVisualStudioVersion = 10.0.40219.1
Project("{FAE04EC0-301F-11D3-BF4B-00C04F79EFBC}") = "TestIDS_Lawryan", "TestIDS_Lawryan\TestIDS_Lawryan.csproj", "{6786F051-D918-4C29-899A-EF91D0F97748}"
EndProject
Global
	GlobalSection(SolutionConfigurationPlatforms) = preSolution
		Debug|Any CPU = Debug|Any CPU
		Release|Any CPU = Release|Any CPU
	EndGlobalSection
	GlobalSection(ProjectConfigurationPlatforms) = postSolution
		{6786F051-D918-4C29-899A-EF91D0F97748}.Debug|Any CPU.ActiveCfg = Debug|Any CPU
		{6786F051-D918-4C29-899A-EF91D0F97748}.Debug|Any CPU.Build.0 = Debug|Any CPU
		{6786F051-D918-4C29-899A-EF91D0F97748}.Release|Any CPU.ActiveCfg = Release|Any CPU
		{6786F051-D918-4C29-899A-EF91D0F97748}.Release|Any CPU.Build.0 = Release|Any CPU
	EndGlobalSection
	GlobalSection(SolutionProperties) = preSolution
		HideSolutionNode = FALSE
	EndGlobalSection
	GlobalSection(ExtensibilityGlobals) = postSolution
		SolutionGuid = {086DC220-7FA0-487D-B4B3-0667E7DD0159}
	EndGlobalSection
EndGlobal
